
Microsoft Visual Studio Solution File, Format Version 12.00
Project("{FAE04EC0-301F-11D3-BF4B-00C04F79EFBC}") = "UI", "UI\UI.csproj", "{17087A94-C37B-40BA-8C56-3109BA33C2C8}"
EndProject
Project("{FAE04EC0-301F-11D3-BF4B-00C04F79EFBC}") = "DataAccessLibrary", "DataAccessLibrary\DataAccessLibrary.csproj", "{CF246E6A-1783-4C8E-ABAB-82121DDDBAFA}"
EndProject
Global
	GlobalSection(SolutionConfigurationPlatforms) = preSolution
		Debug|Any CPU = Debug|Any CPU
		Release|Any CPU = Release|Any CPU
	EndGlobalSection
	GlobalSection(ProjectConfigurationPlatforms) = postSolution
		{17087A94-C37B-40BA-8C56-3109BA33C2C8}.Debug|Any CPU.ActiveCfg = Debug|Any CPU
		{17087A94-C37B-40BA-8C56-3109BA33C2C8}.Debug|Any CPU.Build.0 = Debug|Any CPU
		{17087A94-C37B-40BA-8C56-3109BA33C2C8}.Release|Any CPU.ActiveCfg = Release|Any CPU
		{17087A94-C37B-40BA-8C56-3109BA33C2C8}.Release|Any CPU.Build.0 = Release|Any CPU
		{CF246E6A-1783-4C8E-ABAB-82121DDDBAFA}.Debug|Any CPU.ActiveCfg = Debug|Any CPU
		{CF246E6A-1783-4C8E-ABAB-82121DDDBAFA}.Debug|Any CPU.Build.0 = Debug|Any CPU
		{CF246E6A-1783-4C8E-ABAB-82121DDDBAFA}.Release|Any CPU.ActiveCfg = Release|Any CPU
		{CF246E6A-1783-4C8E-ABAB-82121DDDBAFA}.Release|Any CPU.Build.0 = Release|Any CPU
	EndGlobalSection
EndGlobal
